{
  "requires": true,
  "lockfileVersion": 1,
  "dependencies": {
    "angular-data-table": {
      "version": "0.7.1",
      "resolved": "https://registry.npmjs.org/angular-data-table/-/angular-data-table-0.7.1.tgz",
      "integrity": "sha512-+gMhMP+SYlISgzGWmIrcy3Nx8ZVnkVdjssNC7tAZS9dyrkzPb4SD5coSckrwvn4gVA3ygYF5z+SG55WstzXhVw=="
    }
  }
}
